
Microsoft Visual Studio Solution File, Format Version 12.00
# Visual Studio Version 17
VisualStudioVersion = 17.9.34723.18
MinimumVisualStudioVersion = 10.0.40219.1
Project("{54A90642-561A-4BB1-A94E-469ADEE60C69}") = "client", "client\client.esproj", "{5F66E4DE-82D4-4AC0-9597-CEF4D141A6F6}"
EndProject
Project("{9A19103F-16F7-4668-BE54-9A1E7A4F7556}") = "Server", "Server\Server.csproj", "{C9A02EFA-08EF-422B-ABC0-4289AC03B668}"
EndProject
Global
	GlobalSection(SolutionConfigurationPlatforms) = preSolution
		Debug|Any CPU = Debug|Any CPU
		Release|Any CPU = Release|Any CPU
	EndGlobalSection
	GlobalSection(ProjectConfigurationPlatforms) = postSolution
		{5F66E4DE-82D4-4AC0-9597-CEF4D141A6F6}.Debug|Any CPU.ActiveCfg = Debug|Any CPU
		{5F66E4DE-82D4-4AC0-9597-CEF4D141A6F6}.Debug|Any CPU.Build.0 = Debug|Any CPU
		{5F66E4DE-82D4-4AC0-9597-CEF4D141A6F6}.Debug|Any CPU.Deploy.0 = Debug|Any CPU
		{5F66E4DE-82D4-4AC0-9597-CEF4D141A6F6}.Release|Any CPU.ActiveCfg = Release|Any CPU
		{5F66E4DE-82D4-4AC0-9597-CEF4D141A6F6}.Release|Any CPU.Build.0 = Release|Any CPU
		{5F66E4DE-82D4-4AC0-9597-CEF4D141A6F6}.Release|Any CPU.Deploy.0 = Release|Any CPU
		{C9A02EFA-08EF-422B-ABC0-4289AC03B668}.Debug|Any CPU.ActiveCfg = Debug|Any CPU
		{C9A02EFA-08EF-422B-ABC0-4289AC03B668}.Debug|Any CPU.Build.0 = Debug|Any CPU
		{C9A02EFA-08EF-422B-ABC0-4289AC03B668}.Release|Any CPU.ActiveCfg = Release|Any CPU
		{C9A02EFA-08EF-422B-ABC0-4289AC03B668}.Release|Any CPU.Build.0 = Release|Any CPU
	EndGlobalSection
	GlobalSection(SolutionProperties) = preSolution
		HideSolutionNode = FALSE
	EndGlobalSection
	GlobalSection(ExtensibilityGlobals) = postSolution
		SolutionGuid = {A5AD2206-4B36-49FD-8A47-F41F9E3C7FBC}
	EndGlobalSection
EndGlobal
